Microsoft Visual Studio Solution File, Format Version 11.00
# Visual Studio 2008

Project("{F58B16A6-EBE7-9EB2-ACDB-EA790CEFF59D}") = "Chill Spring", "Assembly-CSharp.csproj", "{CBC93E56-4BE4-0AEC-328D-BE161FD5F682}"
EndProject
Project("{F58B16A6-EBE7-9EB2-ACDB-EA790CEFF59D}") = "Chill Spring", "Assembly-CSharp-Editor.csproj", "{CB0464F4-F280-D777-151A-0BBE5C29B796}"
EndProject
Global
	GlobalSection(SolutionConfigurationPlatforms) = preSolution
		Debug|Any CPU = Debug|Any CPU
		Release|Any CPU = Release|Any CPU
	EndGlobalSection
	GlobalSection(ProjectConfigurationPlatforms) = postSolution
		{CBC93E56-4BE4-0AEC-328D-BE161FD5F682}.Debug|Any CPU.ActiveCfg = Debug|Any CPU
		{CBC93E56-4BE4-0AEC-328D-BE161FD5F682}.Debug|Any CPU.Build.0 = Debug|Any CPU
		{CBC93E56-4BE4-0AEC-328D-BE161FD5F682}.Release|Any CPU.ActiveCfg = Release|Any CPU
		{CBC93E56-4BE4-0AEC-328D-BE161FD5F682}.Release|Any CPU.Build.0 = Release|Any CPU
		{CB0464F4-F280-D777-151A-0BBE5C29B796}.Debug|Any CPU.ActiveCfg = Debug|Any CPU
		{CB0464F4-F280-D777-151A-0BBE5C29B796}.Debug|Any CPU.Build.0 = Debug|Any CPU
		{CB0464F4-F280-D777-151A-0BBE5C29B796}.Release|Any CPU.ActiveCfg = Release|Any CPU
		{CB0464F4-F280-D777-151A-0BBE5C29B796}.Release|Any CPU.Build.0 = Release|Any CPU
	EndGlobalSection
	GlobalSection(SolutionProperties) = preSolution
		HideSolutionNode = FALSE
	EndGlobalSection
									GlobalSection(MonoDevelopProperties) = preSolution
		StartupItem = Assembly-CSharp.csproj
		Policies = $0
		$0.TextStylePolicy = $1
		$1.inheritsSet = null
		$1.scope = text/x-csharp
		$0.CSharpFormattingPolicy = $2
		$2.inheritsSet = Mono
		$2.inheritsScope = text/x-csharp
		$2.scope = text/x-csharp
		$0.TextStylePolicy = $3
		$3.FileWidth = 120
		$3.TabWidth = 4
		$3.IndentWidth = 4
		$3.EolMarker = Unix
		$3.inheritsSet = Mono
		$3.inheritsScope = text/plain
		$3.scope = text/plain
	EndGlobalSection

EndGlobal
